
Microsoft Visual Studio Solution File, Format Version 12.00
# Visual Studio Version 17
VisualStudioVersion = 17.10.35027.167
MinimumVisualStudioVersion = 10.0.40219.1
Project("{FAE04EC0-301F-11D3-BF4B-00C04F79EFBC}") = "09-24Lock", "09-24Lock\09-24Lock.csproj", "{810ED5D5-6B06-49C0-B410-04FFE26D777E}"
EndProject
Global
	GlobalSection(SolutionConfigurationPlatforms) = preSolution
		Debug|Any CPU = Debug|Any CPU
		Release|Any CPU = Release|Any CPU
	EndGlobalSection
	GlobalSection(ProjectConfigurationPlatforms) = postSolution
		{810ED5D5-6B06-49C0-B410-04FFE26D777E}.Debug|Any CPU.ActiveCfg = Debug|Any CPU
		{810ED5D5-6B06-49C0-B410-04FFE26D777E}.Debug|Any CPU.Build.0 = Debug|Any CPU
		{810ED5D5-6B06-49C0-B410-04FFE26D777E}.Release|Any CPU.ActiveCfg = Release|Any CPU
		{810ED5D5-6B06-49C0-B410-04FFE26D777E}.Release|Any CPU.Build.0 = Release|Any CPU
	EndGlobalSection
	GlobalSection(SolutionProperties) = preSolution
		HideSolutionNode = FALSE
	EndGlobalSection
	GlobalSection(ExtensibilityGlobals) = postSolution
		SolutionGuid = {FA080948-68FA-4F9E-9CAA-1E2EC432EE6B}
	EndGlobalSection
EndGlobal
